
Microsoft Visual Studio Solution File, Format Version 12.00
# Visual Studio Version 16
VisualStudioVersion = 16.0.29728.190
MinimumVisualStudioVersion = 10.0.40219.1
Project("{FAE04EC0-301F-11D3-BF4B-00C04F79EFBC}") = "ConsoleUI", "ConsoleUI\ConsoleUI.csproj", "{FACE40CB-1836-4E29-B674-D23C6D0AD917}"
EndProject
Project("{FAE04EC0-301F-11D3-BF4B-00C04F79EFBC}") = "TDI_Library", "TDI_Library\TDI_Library.csproj", "{59729966-6FD7-4030-89B0-CD004C153DB8}"
EndProject
Project("{FAE04EC0-301F-11D3-BF4B-00C04F79EFBC}") = "Login_Form", "Login_Form\Login_Form.csproj", "{F94F34D2-C8E6-4793-9E8F-29CB57A74C3E}"
EndProject
Project("{FAE04EC0-301F-11D3-BF4B-00C04F79EFBC}") = "Utilities", "Utilities\Utilities.csproj", "{A1303862-F804-4C3A-95AA-6DD6CE7635C3}"
EndProject
Project("{FAE04EC0-301F-11D3-BF4B-00C04F79EFBC}") = "ConsoleUI_NET_Standard", "ConsoleUI_NET_Standard\ConsoleUI_NET_Standard.csproj", "{30653C23-0944-4E8A-B789-07EFCBDE0029}"
EndProject
Project("{FAE04EC0-301F-11D3-BF4B-00C04F79EFBC}") = "ConsoleUI_UWP", "ConsoleUI_UWP\ConsoleUI_UWP.csproj", "{641D39BC-12D7-4481-AEE1-FF3A28E5B9CA}"
EndProject
Global
	GlobalSection(SolutionConfigurationPlatforms) = preSolution
		Debug|Any CPU = Debug|Any CPU
		Debug|ARM = Debug|ARM
		Debug|ARM64 = Debug|ARM64
		Debug|x64 = Debug|x64
		Debug|x86 = Debug|x86
		Release|Any CPU = Release|Any CPU
		Release|ARM = Release|ARM
		Release|ARM64 = Release|ARM64
		Release|x64 = Release|x64
		Release|x86 = Release|x86
	EndGlobalSection
	GlobalSection(ProjectConfigurationPlatforms) = postSolution
		{FACE40CB-1836-4E29-B674-D23C6D0AD917}.Debug|Any CPU.ActiveCfg = Debug|Any CPU
		{FACE40CB-1836-4E29-B674-D23C6D0AD917}.Debug|Any CPU.Build.0 = Debug|Any CPU
		{FACE40CB-1836-4E29-B674-D23C6D0AD917}.Debug|ARM.ActiveCfg = Debug|Any CPU
		{FACE40CB-1836-4E29-B674-D23C6D0AD917}.Debug|ARM.Build.0 = Debug|Any CPU
		{FACE40CB-1836-4E29-B674-D23C6D0AD917}.Debug|ARM64.ActiveCfg = Debug|Any CPU
		{FACE40CB-1836-4E29-B674-D23C6D0AD917}.Debug|ARM64.Build.0 = Debug|Any CPU
		{FACE40CB-1836-4E29-B674-D23C6D0AD917}.Debug|x64.ActiveCfg = Debug|Any CPU
		{FACE40CB-1836-4E29-B674-D23C6D0AD917}.Debug|x64.Build.0 = Debug|Any CPU
		{FACE40CB-1836-4E29-B674-D23C6D0AD917}.Debug|x86.ActiveCfg = Debug|Any CPU
		{FACE40CB-1836-4E29-B674-D23C6D0AD917}.Debug|x86.Build.0 = Debug|Any CPU
		{FACE40CB-1836-4E29-B674-D23C6D0AD917}.Release|Any CPU.ActiveCfg = Release|Any CPU
		{FACE40CB-1836-4E29-B674-D23C6D0AD917}.Release|Any CPU.Build.0 = Release|Any CPU
		{FACE40CB-1836-4E29-B674-D23C6D0AD917}.Release|ARM.ActiveCfg = Release|Any CPU
		{FACE40CB-1836-4E29-B674-D23C6D0AD917}.Release|ARM.Build.0 = Release|Any CPU
		{FACE40CB-1836-4E29-B674-D23C6D0AD917}.Release|ARM64.ActiveCfg = Release|Any CPU
		{FACE40CB-1836-4E29-B674-D23C6D0AD917}.Release|ARM64.Build.0 = Release|Any CPU
		{FACE40CB-1836-4E29-B674-D23C6D0AD917}.Release|x64.ActiveCfg = Release|Any CPU
		{FACE40CB-1836-4E29-B674-D23C6D0AD917}.Release|x64.Build.0 = Release|Any CPU
		{FACE40CB-1836-4E29-B674-D23C6D0AD917}.Release|x86.ActiveCfg = Release|Any CPU
		{FACE40CB-1836-4E29-B674-D23C6D0AD917}.Release|x86.Build.0 = Release|Any CPU
		{59729966-6FD7-4030-89B0-CD004C153DB8}.Debug|Any CPU.ActiveCfg = Debug|Any CPU
		{59729966-6FD7-4030-89B0-CD004C153DB8}.Debug|Any CPU.Build.0 = Debug|Any CPU
		{59729966-6FD7-4030-89B0-CD004C153DB8}.Debug|ARM.ActiveCfg = Debug|Any CPU
		{59729966-6FD7-4030-89B0-CD004C153DB8}.Debug|ARM.Build.0 = Debug|Any CPU
		{59729966-6FD7-4030-89B0-CD004C153DB8}.Debug|ARM64.ActiveCfg = Debug|Any CPU
		{59729966-6FD7-4030-89B0-CD004C153DB8}.Debug|ARM64.Build.0 = Debug|Any CPU
		{59729966-6FD7-4030-89B0-CD004C153DB8}.Debug|x64.ActiveCfg = Debug|Any CPU
		{59729966-6FD7-4030-89B0-CD004C153DB8}.Debug|x64.Build.0 = Debug|Any CPU
		{59729966-6FD7-4030-89B0-CD004C153DB8}.Debug|x86.ActiveCfg = Debug|Any CPU
		{59729966-6FD7-4030-89B0-CD004C153DB8}.Debug|x86.Build.0 = Debug|Any CPU
		{59729966-6FD7-4030-89B0-CD004C153DB8}.Release|Any CPU.ActiveCfg = Release|Any CPU
		{59729966-6FD7-4030-89B0-CD004C153DB8}.Release|Any CPU.Build.0 = Release|Any CPU
		{59729966-6FD7-4030-89B0-CD004C153DB8}.Release|ARM.ActiveCfg = Release|Any CPU
		{59729966-6FD7-4030-89B0-CD004C153DB8}.Release|ARM.Build.0 = Release|Any CPU
		{59729966-6FD7-4030-89B0-CD004C153DB8}.Release|ARM64.ActiveCfg = Release|Any CPU
		{59729966-6FD7-4030-89B0-CD004C153DB8}.Release|ARM64.Build.0 = Release|Any CPU
		{59729966-6FD7-4030-89B0-CD004C153DB8}.Release|x64.ActiveCfg = Release|Any CPU
		{59729966-6FD7-4030-89B0-CD004C153DB8}.Release|x64.Build.0 = Release|Any CPU
		{59729966-6FD7-4030-89B0-CD004C153DB8}.Release|x86.ActiveCfg = Release|Any CPU
		{59729966-6FD7-4030-89B0-CD004C153DB8}.Release|x86.Build.0 = Release|Any CPU
		{F94F34D2-C8E6-4793-9E8F-29CB57A74C3E}.Debug|Any CPU.ActiveCfg = Debug|Any CPU
		{F94F34D2-C8E6-4793-9E8F-29CB57A74C3E}.Debug|Any CPU.Build.0 = Debug|Any CPU
		{F94F34D2-C8E6-4793-9E8F-29CB57A74C3E}.Debug|ARM.ActiveCfg = Debug|Any CPU
		{F94F34D2-C8E6-4793-9E8F-29CB57A74C3E}.Debug|ARM.Build.0 = Debug|Any CPU
		{F94F34D2-C8E6-4793-9E8F-29CB57A74C3E}.Debug|ARM64.ActiveCfg = Debug|Any CPU
		{F94F34D2-C8E6-4793-9E8F-29CB57A74C3E}.Debug|ARM64.Build.0 = Debug|Any CPU
		{F94F34D2-C8E6-4793-9E8F-29CB57A74C3E}.Debug|x64.ActiveCfg = Debug|Any CPU
		{F94F34D2-C8E6-4793-9E8F-29CB57A74C3E}.Debug|x64.Build.0 = Debug|Any CPU
		{F94F34D2-C8E6-4793-9E8F-29CB57A74C3E}.Debug|x86.ActiveCfg = Debug|Any CPU
		{F94F34D2-C8E6-4793-9E8F-29CB57A74C3E}.Debug|x86.Build.0 = Debug|Any CPU
		{F94F34D2-C8E6-4793-9E8F-29CB57A74C3E}.Release|Any CPU.ActiveCfg = Release|Any CPU
		{F94F34D2-C8E6-4793-9E8F-29CB57A74C3E}.Release|Any CPU.Build.0 = Release|Any CPU
		{F94F34D2-C8E6-4793-9E8F-29CB57A74C3E}.Release|ARM.ActiveCfg = Release|Any CPU
		{F94F34D2-C8E6-4793-9E8F-29CB57A74C3E}.Release|ARM.Build.0 = Release|Any CPU
		{F94F34D2-C8E6-4793-9E8F-29CB57A74C3E}.Release|ARM64.ActiveCfg = Release|Any CPU
		{F94F34D2-C8E6-4793-9E8F-29CB57A74C3E}.Release|ARM64.Build.0 = Release|Any CPU
		{F94F34D2-C8E6-4793-9E8F-29CB57A74C3E}.Release|x64.ActiveCfg = Release|Any CPU
		{F94F34D2-C8E6-4793-9E8F-29CB57A74C3E}.Release|x64.Build.0 = Release|Any CPU
		{F94F34D2-C8E6-4793-9E8F-29CB57A74C3E}.Release|x86.ActiveCfg = Release|Any CPU
		{F94F34D2-C8E6-4793-9E8F-29CB57A74C3E}.Release|x86.Build.0 = Release|Any CPU
		{A1303862-F804-4C3A-95AA-6DD6CE7635C3}.Debug|Any CPU.ActiveCfg = Debug|Any CPU
		{A1303862-F804-4C3A-95AA-6DD6CE7635C3}.Debug|Any CPU.Build.0 = Debug|Any CPU
		{A1303862-F804-4C3A-95AA-6DD6CE7635C3}.Debug|ARM.ActiveCfg = Debug|Any CPU
		{A1303862-F804-4C3A-95AA-6DD6CE7635C3}.Debug|ARM.Build.0 = Debug|Any CPU
		{A1303862-F804-4C3A-95AA-6DD6CE7635C3}.Debug|ARM64.ActiveCfg = Debug|Any CPU
		{A1303862-F804-4C3A-95AA-6DD6CE7635C3}.Debug|ARM64.Build.0 = Debug|Any CPU
		{A1303862-F804-4C3A-95AA-6DD6CE7635C3}.Debug|x64.ActiveCfg = Debug|Any CPU
		{A1303862-F804-4C3A-95AA-6DD6CE7635C3}.Debug|x64.Build.0 = Debug|Any CPU
		{A1303862-F804-4C3A-95AA-6DD6CE7635C3}.Debug|x86.ActiveCfg = Debug|Any CPU
		{A1303862-F804-4C3A-95AA-6DD6CE7635C3}.Debug|x86.Build.0 = Debug|Any CPU
		{A1303862-F804-4C3A-95AA-6DD6CE7635C3}.Release|Any CPU.ActiveCfg = Release|Any CPU
		{A1303862-F804-4C3A-95AA-6DD6CE7635C3}.Release|Any CPU.Build.0 = Release|Any CPU
		{A1303862-F804-4C3A-95AA-6DD6CE7635C3}.Release|ARM.ActiveCfg = Release|Any CPU
		{A1303862-F804-4C3A-95AA-6DD6CE7635C3}.Release|ARM.Build.0 = Release|Any CPU
		{A1303862-F804-4C3A-95AA-6DD6CE7635C3}.Release|ARM64.ActiveCfg = Release|Any CPU
		{A1303862-F804-4C3A-95AA-6DD6CE7635C3}.Release|ARM64.Build.0 = Release|Any CPU
		{A1303862-F804-4C3A-95AA-6DD6CE7635C3}.Release|x64.ActiveCfg = Release|Any CPU
		{A1303862-F804-4C3A-95AA-6DD6CE7635C3}.Release|x64.Build.0 = Release|Any CPU
		{A1303862-F804-4C3A-95AA-6DD6CE7635C3}.Release|x86.ActiveCfg = Release|Any CPU
		{A1303862-F804-4C3A-95AA-6DD6CE7635C3}.Release|x86.Build.0 = Release|Any CPU
		{30653C23-0944-4E8A-B789-07EFCBDE0029}.Debug|Any CPU.ActiveCfg = Debug|Any CPU
		{30653C23-0944-4E8A-B789-07EFCBDE0029}.Debug|Any CPU.Build.0 = Debug|Any CPU
		{30653C23-0944-4E8A-B789-07EFCBDE0029}.Debug|ARM.ActiveCfg = Debug|Any CPU
		{30653C23-0944-4E8A-B789-07EFCBDE0029}.Debug|ARM.Build.0 = Debug|Any CPU
		{30653C23-0944-4E8A-B789-07EFCBDE0029}.Debug|ARM64.ActiveCfg = Debug|Any CPU
		{30653C23-0944-4E8A-B789-07EFCBDE0029}.Debug|ARM64.Build.0 = Debug|Any CPU
		{30653C23-0944-4E8A-B789-07EFCBDE0029}.Debug|x64.ActiveCfg = Debug|Any CPU
		{30653C23-0944-4E8A-B789-07EFCBDE0029}.Debug|x64.Build.0 = Debug|Any CPU
		{30653C23-0944-4E8A-B789-07EFCBDE0029}.Debug|x86.ActiveCfg = Debug|Any CPU
		{30653C23-0944-4E8A-B789-07EFCBDE0029}.Debug|x86.Build.0 = Debug|Any CPU
		{30653C23-0944-4E8A-B789-07EFCBDE0029}.Release|Any CPU.ActiveCfg = Release|Any CPU
		{30653C23-0944-4E8A-B789-07EFCBDE0029}.Release|Any CPU.Build.0 = Release|Any CPU
		{30653C23-0944-4E8A-B789-07EFCBDE0029}.Release|ARM.ActiveCfg = Release|Any CPU
		{30653C23-0944-4E8A-B789-07EFCBDE0029}.Release|ARM.Build.0 = Release|Any CPU
		{30653C23-0944-4E8A-B789-07EFCBDE0029}.Release|ARM64.ActiveCfg = Release|Any CPU
		{30653C23-0944-4E8A-B789-07EFCBDE0029}.Release|ARM64.Build.0 = Release|Any CPU
		{30653C23-0944-4E8A-B789-07EFCBDE0029}.Release|x64.ActiveCfg = Release|Any CPU
		{30653C23-0944-4E8A-B789-07EFCBDE0029}.Release|x64.Build.0 = Release|Any CPU
		{30653C23-0944-4E8A-B789-07EFCBDE0029}.Release|x86.ActiveCfg = Release|Any CPU
		{30653C23-0944-4E8A-B789-07EFCBDE0029}.Release|x86.Build.0 = Release|Any CPU
		{641D39BC-12D7-4481-AEE1-FF3A28E5B9CA}.Debug|Any CPU.ActiveCfg = Debug|x86
		{641D39BC-12D7-4481-AEE1-FF3A28E5B9CA}.Debug|ARM.ActiveCfg = Debug|ARM
		{641D39BC-12D7-4481-AEE1-FF3A28E5B9CA}.Debug|ARM.Build.0 = Debug|ARM
		{641D39BC-12D7-4481-AEE1-FF3A28E5B9CA}.Debug|ARM.Deploy.0 = Debug|ARM
		{641D39BC-12D7-4481-AEE1-FF3A28E5B9CA}.Debug|ARM64.ActiveCfg = Debug|ARM64
		{641D39BC-12D7-4481-AEE1-FF3A28E5B9CA}.Debug|ARM64.Build.0 = Debug|ARM64
		{641D39BC-12D7-4481-AEE1-FF3A28E5B9CA}.Debug|ARM64.Deploy.0 = Debug|ARM64
		{641D39BC-12D7-4481-AEE1-FF3A28E5B9CA}.Debug|x64.ActiveCfg = Debug|x64
		{641D39BC-12D7-4481-AEE1-FF3A28E5B9CA}.Debug|x64.Build.0 = Debug|x64
		{641D39BC-12D7-4481-AEE1-FF3A28E5B9CA}.Debug|x64.Deploy.0 = Debug|x64
		{641D39BC-12D7-4481-AEE1-FF3A28E5B9CA}.Debug|x86.ActiveCfg = Debug|x86
		{641D39BC-12D7-4481-AEE1-FF3A28E5B9CA}.Debug|x86.Build.0 = Debug|x86
		{641D39BC-12D7-4481-AEE1-FF3A28E5B9CA}.Debug|x86.Deploy.0 = Debug|x86
		{641D39BC-12D7-4481-AEE1-FF3A28E5B9CA}.Release|Any CPU.ActiveCfg = Release|x86
		{641D39BC-12D7-4481-AEE1-FF3A28E5B9CA}.Release|ARM.ActiveCfg = Release|ARM
		{641D39BC-12D7-4481-AEE1-FF3A28E5B9CA}.Release|ARM.Build.0 = Release|ARM
		{641D39BC-12D7-4481-AEE1-FF3A28E5B9CA}.Release|ARM.Deploy.0 = Release|ARM
		{641D39BC-12D7-4481-AEE1-FF3A28E5B9CA}.Release|ARM64.ActiveCfg = Release|ARM64
		{641D39BC-12D7-4481-AEE1-FF3A28E5B9CA}.Release|ARM64.Build.0 = Release|ARM64
		{641D39BC-12D7-4481-AEE1-FF3A28E5B9CA}.Release|ARM64.Deploy.0 = Release|ARM64
		{641D39BC-12D7-4481-AEE1-FF3A28E5B9CA}.Release|x64.ActiveCfg = Release|x64
		{641D39BC-12D7-4481-AEE1-FF3A28E5B9CA}.Release|x64.Build.0 = Release|x64
		{641D39BC-12D7-4481-AEE1-FF3A28E5B9CA}.Release|x64.Deploy.0 = Release|x64
		{641D39BC-12D7-4481-AEE1-FF3A28E5B9CA}.Release|x86.ActiveCfg = Release|x86
		{641D39BC-12D7-4481-AEE1-FF3A28E5B9CA}.Release|x86.Build.0 = Release|x86
		{641D39BC-12D7-4481-AEE1-FF3A28E5B9CA}.Release|x86.Deploy.0 = Release|x86
	EndGlobalSection
	GlobalSection(SolutionProperties) = preSolution
		HideSolutionNode = FALSE
	EndGlobalSection
	GlobalSection(ExtensibilityGlobals) = postSolution
		SolutionGuid = {3BE4C7C8-E940-4316-9614-D019CAD01916}
	EndGlobalSection
EndGlobal
