
Microsoft Visual Studio Solution File, Format Version 12.00
# Visual Studio Version 16
VisualStudioVersion = 16.0.29728.190
MinimumVisualStudioVersion = 10.0.40219.1
Project("{FAE04EC0-301F-11D3-BF4B-00C04F79EFBC}") = "ConsoleUI", "ConsoleUI\ConsoleUI.csproj", "{FACE40CB-1836-4E29-B674-D23C6D0AD917}"
EndProject
Project("{FAE04EC0-301F-11D3-BF4B-00C04F79EFBC}") = "TDI_Library", "TDI_Library\TDI_Library.csproj", "{59729966-6FD7-4030-89B0-CD004C153DB8}"
EndProject
Global
	GlobalSection(SolutionConfigurationPlatforms) = preSolution
		Debug|Any CPU = Debug|Any CPU
		Release|Any CPU = Release|Any CPU
	EndGlobalSection
	GlobalSection(ProjectConfigurationPlatforms) = postSolution
		{FACE40CB-1836-4E29-B674-D23C6D0AD917}.Debug|Any CPU.ActiveCfg = Debug|Any CPU
		{FACE40CB-1836-4E29-B674-D23C6D0AD917}.Debug|Any CPU.Build.0 = Debug|Any CPU
		{FACE40CB-1836-4E29-B674-D23C6D0AD917}.Release|Any CPU.ActiveCfg = Release|Any CPU
		{FACE40CB-1836-4E29-B674-D23C6D0AD917}.Release|Any CPU.Build.0 = Release|Any CPU
		{59729966-6FD7-4030-89B0-CD004C153DB8}.Debug|Any CPU.ActiveCfg = Debug|Any CPU
		{59729966-6FD7-4030-89B0-CD004C153DB8}.Debug|Any CPU.Build.0 = Debug|Any CPU
		{59729966-6FD7-4030-89B0-CD004C153DB8}.Release|Any CPU.ActiveCfg = Release|Any CPU
		{59729966-6FD7-4030-89B0-CD004C153DB8}.Release|Any CPU.Build.0 = Release|Any CPU
	EndGlobalSection
	GlobalSection(SolutionProperties) = preSolution
		HideSolutionNode = FALSE
	EndGlobalSection
	GlobalSection(ExtensibilityGlobals) = postSolution
		SolutionGuid = {3BE4C7C8-E940-4316-9614-D019CAD01916}
	EndGlobalSection
EndGlobal
